// !$*UTF8*$!
{
	archiveVersion = 1;
	classes = {
	};
	objectVersion = 77;
	objects = {

/* Begin PBXContainerItemProxy section */
		0F8674AF2CBC26F200BAC0BF /* PBXContainerItemProxy */ = {
			isa = PBXContainerItemProxy;
			containerPortal = 0F8674962CBC26F100BAC0BF /* Project object */;
			proxyType = 1;
			remoteGlobalIDString = 0F86749D2CBC26F100BAC0BF;
			remoteInfo = heynoah;
		};
		0F8674B92CBC26F200BAC0BF /* PBXContainerItemProxy */ = {
			isa = PBXContainerItemProxy;
			containerPortal = 0F8674962CBC26F100BAC0BF /* Project object */;
			proxyType = 1;
			remoteGlobalIDString = 0F86749D2CBC26F100BAC0BF;
			remoteInfo = heynoah;
		};
/* End PBXContainerItemProxy section */

/* Begin PBXFileReference section */
		0F86749E2CBC26F100BAC0BF /* heynoah.app */ = {isa = PBXFileReference; explicitFileType = wrapper.application; includeInIndex = 0; path = heynoah.app; sourceTree = BUILT_PRODUCTS_DIR; };
		0F8674AE2CBC26F200BAC0BF /* heynoahTests.xctest */ = {isa = PBXFileReference; explicitFileType = wrapper.cfbundle; includeInIndex = 0; path = heynoahTests.xctest; sourceTree = BUILT_PRODUCTS_DIR; };
		0F8674B82CBC26F200BAC0BF /* heynoahUITests.xctest */ = {isa = PBXFileReference; explicitFileType = wrapper.cfbundle; includeInIndex = 0; path = heynoahUITests.xctest; sourceTree = BUILT_PRODUCTS_DIR; };
/* End PBXFileReference section */

/* Begin PBXFileSystemSynchronizedBuildFileExceptionSet section */
		0FEBA4762CBCBE4700068155 /* Exceptions for "heynoah" folder in "heynoah" target */ = {
			isa = PBXFileSystemSynchronizedBuildFileExceptionSet;
			membershipExceptions = (
				Info.plist,
			);
			target = 0F86749D2CBC26F100BAC0BF /* heynoah */;
		};
/* End PBXFileSystemSynchronizedBuildFileExceptionSet section */

/* Begin PBXFileSystemSynchronizedRootGroup section */
		0F8674A02CBC26F100BAC0BF /* heynoah */ = {
			isa = PBXFileSystemSynchronizedRootGroup;
			exceptions = (
				0FEBA4762CBCBE4700068155 /* Exceptions for "heynoah" folder in "heynoah" target */,
			);
			path = heynoah;
			sourceTree = "<group>";
		};
		0F8674B12CBC26F200BAC0BF /* heynoahTests */ = {
			isa = PBXFileSystemSynchronizedRootGroup;
			path = heynoahTests;
			sourceTree = "<group>";
		};
		0F8674BB2CBC26F200BAC0BF /* heynoahUITests */ = {
			isa = PBXFileSystemSynchronizedRootGroup;
			path = heynoahUITests;
			sourceTree = "<group>";
		};
/* End PBXFileSystemSynchronizedRootGroup section */

/* Begin PBXFrameworksBuildPhase section */
		0F86749B2CBC26F100BAC0BF /* Frameworks */ = {
			isa = PBXFrameworksBuildPhase;
			buildActionMask = 2147483647;
			files = (
			);
			runOnlyForDeploymentPostprocessing = 0;
		};
		0F8674AB2CBC26F200BAC0BF /* Frameworks */ = {
			isa = PBXFrameworksBuildPhase;
			buildActionMask = 2147483647;
			files = (
			);
			runOnlyForDeploymentPostprocessing = 0;
		};
		0F8674B52CBC26F200BAC0BF /* Frameworks */ = {
			isa = PBXFrameworksBuildPhase;
			buildActionMask = 2147483647;
			files = (
			);
			runOnlyForDeploymentPostprocessing = 0;
		};
/* End PBXFrameworksBuildPhase section */

/* Begin PBXGroup section */
		0F8674952CBC26F100BAC0BF = {
			isa = PBXGroup;
			children = (
				0F8674A02CBC26F100BAC0BF /* heynoah */,
				0F8674B12CBC26F200BAC0BF /* heynoahTests */,
				0F8674BB2CBC26F200BAC0BF /* heynoahUITests */,
				0F86749F2CBC26F100BAC0BF /* Products */,
			);
			sourceTree = "<group>";
		};
		0F86749F2CBC26F100BAC0BF /* Products */ = {
			isa = PBXGroup;
			children = (
				0F86749E2CBC26F100BAC0BF /* heynoah.app */,
				0F8674AE2CBC26F200BAC0BF /* heynoahTests.xctest */,
				0F8674B82CBC26F200BAC0BF /* heynoahUITests.xctest */,
			);
			name = Products;
			sourceTree = "<group>";
		};
/* End PBXGroup section */

/* Begin PBXNativeTarget section */
		0F86749D2CBC26F100BAC0BF /* heynoah */ = {
			isa = PBXNativeTarget;
			buildConfigurationList = 0F8674C22CBC26F200BAC0BF /* Build configuration list for PBXNativeTarget "heynoah" */;
			buildPhases = (
				0F86749A2CBC26F100BAC0BF /* Sources */,
				0F86749B2CBC26F100BAC0BF /* Frameworks */,
				0F86749C2CBC26F100BAC0BF /* Resources */,
			);
			buildRules = (
			);
			dependencies = (
			);
			fileSystemSynchronizedGroups = (
				0F8674A02CBC26F100BAC0BF /* heynoah */,
			);
			name = heynoah;
			packageProductDependencies = (
			);
			productName = heynoah;
			productReference = 0F86749E2CBC26F100BAC0BF /* heynoah.app */;
			productType = "com.apple.product-type.application";
		};
		0F8674AD2CBC26F200BAC0BF /* heynoahTests */ = {
			isa = PBXNativeTarget;
			buildConfigurationList = 0F8674C52CBC26F200BAC0BF /* Build configuration list for PBXNativeTarget "heynoahTests" */;
			buildPhases = (
				0F8674AA2CBC26F200BAC0BF /* Sources */,
				0F8674AB2CBC26F200BAC0BF /* Frameworks */,
				0F8674AC2CBC26F200BAC0BF /* Resources */,
			);
			buildRules = (
			);
			dependencies = (
				0F8674B02CBC26F200BAC0BF /* PBXTargetDependency */,
			);
			fileSystemSynchronizedGroups = (
				0F8674B12CBC26F200BAC0BF /* heynoahTests */,
			);
			name = heynoahTests;
			packageProductDependencies = (
			);
			productName = heynoahTests;
			productReference = 0F8674AE2CBC26F200BAC0BF /* heynoahTests.xctest */;
			productType = "com.apple.product-type.bundle.unit-test";
		};
		0F8674B72CBC26F200BAC0BF /* heynoahUITests */ = {
			isa = PBXNativeTarget;
			buildConfigurationList = 0F8674C82CBC26F200BAC0BF /* Build configuration list for PBXNativeTarget "heynoahUITests" */;
			buildPhases = (
				0F8674B42CBC26F200BAC0BF /* Sources */,
				0F8674B52CBC26F200BAC0BF /* Frameworks */,
				0F8674B62CBC26F200BAC0BF /* Resources */,
			);
			buildRules = (
			);
			dependencies = (
				0F8674BA2CBC26F200BAC0BF /* PBXTargetDependency */,
			);
			fileSystemSynchronizedGroups = (
				0F8674BB2CBC26F200BAC0BF /* heynoahUITests */,
			);
			name = heynoahUITests;
			packageProductDependencies = (
			);
			productName = heynoahUITests;
			productReference = 0F8674B82CBC26F200BAC0BF /* heynoahUITests.xctest */;
			productType = "com.apple.product-type.bundle.ui-testing";
		};
/* End PBXNativeTarget section */

/* Begin PBXProject section */
		0F8674962CBC26F100BAC0BF /* Project object */ = {
			isa = PBXProject;
			attributes = {
				BuildIndependentTargetsInParallel = 1;
				LastSwiftUpdateCheck = 1600;
				LastUpgradeCheck = 1600;
				TargetAttributes = {
					0F86749D2CBC26F100BAC0BF = {
						CreatedOnToolsVersion = 16.0;
					};
					0F8674AD2CBC26F200BAC0BF = {
						CreatedOnToolsVersion = 16.0;
						TestTargetID = 0F86749D2CBC26F100BAC0BF;
					};
					0F8674B72CBC26F200BAC0BF = {
						CreatedOnToolsVersion = 16.0;
						TestTargetID = 0F86749D2CBC26F100BAC0BF;
					};
				};
			};
			buildConfigurationList = 0F8674992CBC26F100BAC0BF /* Build configuration list for PBXProject "heynoah" */;
			developmentRegion = en;
			hasScannedForEncodings = 0;
			knownRegions = (
				en,
				Base,
			);
			mainGroup = 0F8674952CBC26F100BAC0BF;
			minimizedProjectReferenceProxies = 1;
			preferredProjectObjectVersion = 77;
			productRefGroup = 0F86749F2CBC26F100BAC0BF /* Products */;
			projectDirPath = "";
			projectRoot = "";
			targets = (
				0F86749D2CBC26F100BAC0BF /* heynoah */,
				0F8674AD2CBC26F200BAC0BF /* heynoahTests */,
				0F8674B72CBC26F200BAC0BF /* heynoahUITests */,
			);
		};
/* End PBXProject section */

/* Begin PBXResourcesBuildPhase section */
		0F86749C2CBC26F100BAC0BF /* Resources */ = {
			isa = PBXResourcesBuildPhase;
			buildActionMask = 2147483647;
			files = (
			);
			runOnlyForDeploymentPostprocessing = 0;
		};
		0F8674AC2CBC26F200BAC0BF /* Resources */ = {
			isa = PBXResourcesBuildPhase;
			buildActionMask = 2147483647;
			files = (
			);
			runOnlyForDeploymentPostprocessing = 0;
		};
		0F8674B62CBC26F200BAC0BF /* Resources */ = {
			isa = PBXResourcesBuildPhase;
			buildActionMask = 2147483647;
			files = (
			);
			runOnlyForDeploymentPostprocessing = 0;
		};
/* End PBXResourcesBuildPhase section */

/* Begin PBXSourcesBuildPhase section */
		0F86749A2CBC26F100BAC0BF /* Sources */ = {
			isa = PBXSourcesBuildPhase;
			buildActionMask = 2147483647;
			files = (
			);
			runOnlyForDeploymentPostprocessing = 0;
		};
		0F8674AA2CBC26F200BAC0BF /* Sources */ = {
			isa = PBXSourcesBuildPhase;
			buildActionMask = 2147483647;
			files = (
			);
			runOnlyForDeploymentPostprocessing = 0;
		};
		0F8674B42CBC26F200BAC0BF /* Sources */ = {
			isa = PBXSourcesBuildPhase;
			buildActionMask = 2147483647;
			files = (
			);
			runOnlyForDeploymentPostprocessing = 0;
		};
/* End PBXSourcesBuildPhase section */

/* Begin PBXTargetDependency section */
		0F8674B02CBC26F200BAC0BF /* PBXTargetDependency */ = {
			isa = PBXTargetDependency;
			target = 0F86749D2CBC26F100BAC0BF /* heynoah */;
			targetProxy = 0F8674AF2CBC26F200BAC0BF /* PBXContainerItemProxy */;
		};
		0F8674BA2CBC26F200BAC0BF /* PBXTargetDependency */ = {
			isa = PBXTargetDependency;
			target = 0F86749D2CBC26F100BAC0BF /* heynoah */;
			targetProxy = 0F8674B92CBC26F200BAC0BF /* PBXContainerItemProxy */;
		};
/* End PBXTargetDependency section */

/* Begin XCBuildConfiguration section */
		0F8674C02CBC26F200BAC0BF /* Debug */ = {
			isa = XCBuildConfiguration;
			buildSettings = {
				ALWAYS_SEARCH_USER_PATHS = NO;
				ASSETCATALOG_COMPILER_GENERATE_SWIFT_ASSET_SYMBOL_EXTENSIONS = YES;
				CLANG_ANALYZER_NONNULL = YES;
				CLANG_ANALYZER_NUMBER_OBJECT_CONVERSION = YES_AGGRESSIVE;
				CLANG_CXX_LANGUAGE_STANDARD = "gnu++20";
				CLANG_ENABLE_MODULES = YES;
				CLANG_ENABLE_OBJC_ARC = YES;
				CLANG_ENABLE_OBJC_WEAK = YES;
				CLANG_WARN_BLOCK_CAPTURE_AUTORELEASING = YES;
				CLANG_WARN_BOOL_CONVERSION = YES;
				CLANG_WARN_COMMA = YES;
				CLANG_WARN_CONSTANT_CONVERSION = YES;
				CLANG_WARN_DEPRECATED_OBJC_IMPLEMENTATIONS = YES;
				CLANG_WARN_DIRECT_OBJC_ISA_USAGE = YES_ERROR;
				CLANG_WARN_DOCUMENTATION_COMMENTS = YES;
				CLANG_WARN_EMPTY_BODY = YES;
				CLANG_WARN_ENUM_CONVERSION = YES;
				CLANG_WARN_INFINITE_RECURSION = YES;
				CLANG_WARN_INT_CONVERSION = YES;
				CLANG_WARN_NON_LITERAL_NULL_CONVERSION = YES;
				CLANG_WARN_OBJC_IMPLICIT_RETAIN_SELF = YES;
				CLANG_WARN_OBJC_LITERAL_CONVERSION = YES;
				CLANG_WARN_OBJC_ROOT_CLASS = YES_ERROR;
				CLANG_WARN_QUOTED_INCLUDE_IN_FRAMEWORK_HEADER = YES;
				CLANG_WARN_RANGE_LOOP_ANALYSIS = YES;
				CLANG_WARN_STRICT_PROTOTYPES = YES;
				CLANG_WARN_SUSPICIOUS_MOVE = YES;
				CLANG_WARN_UNGUARDED_AVAILABILITY = YES_AGGRESSIVE;
				CLANG_WARN_UNREACHABLE_CODE = YES;
				CLANG_WARN__DUPLICATE_METHOD_MATCH = YES;
				COPY_PHASE_STRIP = NO;
				DEBUG_INFORMATION_FORMAT = dwarf;
				ENABLE_STRICT_OBJC_MSGSEND = YES;
				ENABLE_TESTABILITY = YES;
				ENABLE_USER_SCRIPT_SANDBOXING = YES;
				GCC_C_LANGUAGE_STANDARD = gnu17;
				GCC_DYNAMIC_NO_PIC = NO;
				GCC_NO_COMMON_BLOCKS = YES;
				GCC_OPTIMIZATION_LEVEL = 0;
				GCC_PREPROCESSOR_DEFINITIONS = (
					"DEBUG=1",
					"$(inherited)",
				);
				GCC_WARN_64_TO_32_BIT_CONVERSION = YES;
				GCC_WARN_ABOUT_RETURN_TYPE = YES_ERROR;
				GCC_WARN_UNDECLARED_SELECTOR = YES;
				GCC_WARN_UNINITIALIZED_AUTOS = YES_AGGRESSIVE;
				GCC_WARN_UNUSED_FUNCTION = YES;
				GCC_WARN_UNUSED_VARIABLE = YES;
				INFOPLIST_KEY_NSBluetoothAlwaysUsageDescription = "We will use your bluetooth devices to make transcription as accurate as possible.";
				INFOPLIST_KEY_NSBluetoothPeripheralUsageDescription = "We will use your bluetooth devices to make transcription as accurate as possible.";
				INFOPLIST_KEY_NSBluetoothWhileInUseUsageDescription = "We will use your bluetooth devices to make transcription as accurate as possible.";
				INFOPLIST_KEY_NSMicrophoneUsageDescription = "We need to use the microphone to transcribe speech.";
				INFOPLIST_KEY_NSSpeechRecognitionUsageDescription = "We need speech recognition for the transcription capabilities of the app.";
				IPHONEOS_DEPLOYMENT_TARGET = 18.0;
				LOCALIZATION_PREFERS_STRING_CATALOGS = YES;
				MTL_ENABLE_DEBUG_INFO = INCLUDE_SOURCE;
				MTL_FAST_MATH = YES;
				ONLY_ACTIVE_ARCH = YES;
				SDKROOT = iphoneos;
				SWIFT_ACTIVE_COMPILATION_CONDITIONS = "DEBUG $(inherited)";
				SWIFT_OPTIMIZATION_LEVEL = "-Onone";
			};
			name = Debug;
		};
		0F8674C12CBC26F200BAC0BF /* Release */ = {
			isa = XCBuildConfiguration;
			buildSettings = {
				ALWAYS_SEARCH_USER_PATHS = NO;
				ASSETCATALOG_COMPILER_GENERATE_SWIFT_ASSET_SYMBOL_EXTENSIONS = YES;
				CLANG_ANALYZER_NONNULL = YES;
				CLANG_ANALYZER_NUMBER_OBJECT_CONVERSION = YES_AGGRESSIVE;
				CLANG_CXX_LANGUAGE_STANDARD = "gnu++20";
				CLANG_ENABLE_MODULES = YES;
				CLANG_ENABLE_OBJC_ARC = YES;
				CLANG_ENABLE_OBJC_WEAK = YES;
				CLANG_WARN_BLOCK_CAPTURE_AUTORELEASING = YES;
				CLANG_WARN_BOOL_CONVERSION = YES;
				CLANG_WARN_COMMA = YES;
				CLANG_WARN_CONSTANT_CONVERSION = YES;
				CLANG_WARN_DEPRECATED_OBJC_IMPLEMENTATIONS = YES;
				CLANG_WARN_DIRECT_OBJC_ISA_USAGE = YES_ERROR;
				CLANG_WARN_DOCUMENTATION_COMMENTS = YES;
				CLANG_WARN_EMPTY_BODY = YES;
				CLANG_WARN_ENUM_CONVERSION = YES;
				CLANG_WARN_INFINITE_RECURSION = YES;
				CLANG_WARN_INT_CONVERSION = YES;
				CLANG_WARN_NON_LITERAL_NULL_CONVERSION = YES;
				CLANG_WARN_OBJC_IMPLICIT_RETAIN_SELF = YES;
				CLANG_WARN_OBJC_LITERAL_CONVERSION = YES;
				CLANG_WARN_OBJC_ROOT_CLASS = YES_ERROR;
				CLANG_WARN_QUOTED_INCLUDE_IN_FRAMEWORK_HEADER = YES;
				CLANG_WARN_RANGE_LOOP_ANALYSIS = YES;
				CLANG_WARN_STRICT_PROTOTYPES = YES;
				CLANG_WARN_SUSPICIOUS_MOVE = YES;
				CLANG_WARN_UNGUARDED_AVAILABILITY = YES_AGGRESSIVE;
				CLANG_WARN_UNREACHABLE_CODE = YES;
				CLANG_WARN__DUPLICATE_METHOD_MATCH = YES;
				COPY_PHASE_STRIP = NO;
				DEBUG_INFORMATION_FORMAT = "dwarf-with-dsym";
				ENABLE_NS_ASSERTIONS = NO;
				ENABLE_STRICT_OBJC_MSGSEND = YES;
				ENABLE_USER_SCRIPT_SANDBOXING = YES;
				GCC_C_LANGUAGE_STANDARD = gnu17;
				GCC_NO_COMMON_BLOCKS = YES;
				GCC_WARN_64_TO_32_BIT_CONVERSION = YES;
				GCC_WARN_ABOUT_RETURN_TYPE = YES_ERROR;
				GCC_WARN_UNDECLARED_SELECTOR = YES;
				GCC_WARN_UNINITIALIZED_AUTOS = YES_AGGRESSIVE;
				GCC_WARN_UNUSED_FUNCTION = YES;
				GCC_WARN_UNUSED_VARIABLE = YES;
				INFOPLIST_KEY_NSBluetoothAlwaysUsageDescription = "We will use your bluetooth devices to make transcription as accurate as possible.";
				INFOPLIST_KEY_NSBluetoothPeripheralUsageDescription = "We will use your bluetooth devices to make transcription as accurate as possible.";
				INFOPLIST_KEY_NSBluetoothWhileInUseUsageDescription = "We will use your bluetooth devices to make transcription as accurate as possible.";
				INFOPLIST_KEY_NSMicrophoneUsageDescription = "We need to use the microphone to transcribe speech.";
				INFOPLIST_KEY_NSSpeechRecognitionUsageDescription = "We need speech recognition for the transcription capabilities of the app.";
				IPHONEOS_DEPLOYMENT_TARGET = 18.0;
				LOCALIZATION_PREFERS_STRING_CATALOGS = YES;
				MTL_ENABLE_DEBUG_INFO = NO;
				MTL_FAST_MATH = YES;
				SDKROOT = iphoneos;
				SWIFT_COMPILATION_MODE = wholemodule;
				VALIDATE_PRODUCT = YES;
			};
			name = Release;
		};
		0F8674C32CBC26F200BAC0BF /* Debug */ = {
			isa = XCBuildConfiguration;
			buildSettings = {
				ASSETCATALOG_COMPILER_APPICON_NAME = AppIcon;
				ASSETCATALOG_COMPILER_GLOBAL_ACCENT_COLOR_NAME = AccentColor;
				CODE_SIGN_STYLE = Automatic;
				CURRENT_PROJECT_VERSION = 1;
				DEVELOPMENT_ASSET_PATHS = "\"heynoah/Preview Content\"";
				DEVELOPMENT_TEAM = 3B9PG6VC7Z;
				EMBED_ASSET_PACKS_IN_PRODUCT_BUNDLE = NO;
				ENABLE_PREVIEWS = YES;
				GENERATE_INFOPLIST_FILE = YES;
				INFOPLIST_FILE = heynoah/Info.plist;
				INFOPLIST_KEY_CFBundleDisplayName = "Hey Noah!";
				INFOPLIST_KEY_LSApplicationCategoryType = "public.app-category.lifestyle";
				INFOPLIST_KEY_LSBackgroundOnly = NO;
				INFOPLIST_KEY_NSBluetoothAlwaysUsageDescription = "We will use your bluetooth devices to make transcription as accurate as possible.";
				INFOPLIST_KEY_NSBluetoothPeripheralUsageDescription = "We will use your bluetooth devices to make transcription as accurate as possible.";
				INFOPLIST_KEY_NSBluetoothWhileInUseUsageDescription = "We will use your bluetooth devices to make transcription as accurate as possible.";
				INFOPLIST_KEY_NSMicrophoneUsageDescription = "The microphone is necessary for transcription services.";
				INFOPLIST_KEY_NSSpeechRecognitionUsageDescription = "Speech Recognition will be used for the transcription.";
				INFOPLIST_KEY_UIApplicationSceneManifest_Generation = YES;
				INFOPLIST_KEY_UIApplicationSupportsIndirectInputEvents = YES;
				INFOPLIST_KEY_UISupportedInterfaceOrientations_iPad = "UIInterfaceOrientationPortrait UIInterfaceOrientationPortraitUpsideDown UIInterfaceOrientationLandscapeLeft UIInterfaceOrientationLandscapeRight";
				INFOPLIST_KEY_UISupportedInterfaceOrientations_iPhone = "UIInterfaceOrientationPortraitUpsideDown UIInterfaceOrientationPortrait UIInterfaceOrientationLandscapeLeft UIInterfaceOrientationLandscapeRight";
				LD_RUNPATH_SEARCH_PATHS = (
					"$(inherited)",
					"@executable_path/Frameworks",
				);
				MARKETING_VERSION = 1.0;
				PRODUCT_BUNDLE_IDENTIFIER = org.heynoah.app;
				PRODUCT_NAME = "$(TARGET_NAME)";
				SUPPORTED_PLATFORMS = "appletvos appletvsimulator iphoneos iphonesimulator";
				SUPPORTS_MACCATALYST = NO;
				SWIFT_EMIT_LOC_STRINGS = YES;
				SWIFT_VERSION = 5.0;
				TARGETED_DEVICE_FAMILY = "1,2,3";
			};
			name = Debug;
		};
		0F8674C42CBC26F200BAC0BF /* Release */ = {
			isa = XCBuildConfiguration;
			buildSettings = {
				ASSETCATALOG_COMPILER_APPICON_NAME = AppIcon;
				ASSETCATALOG_COMPILER_GLOBAL_ACCENT_COLOR_NAME = AccentColor;
				CODE_SIGN_STYLE = Automatic;
				CURRENT_PROJECT_VERSION = 1;
				DEVELOPMENT_ASSET_PATHS = "\"heynoah/Preview Content\"";
				DEVELOPMENT_TEAM = 3B9PG6VC7Z;
				EMBED_ASSET_PACKS_IN_PRODUCT_BUNDLE = NO;
				ENABLE_PREVIEWS = YES;
				GENERATE_INFOPLIST_FILE = YES;
				INFOPLIST_FILE = heynoah/Info.plist;
				INFOPLIST_KEY_CFBundleDisplayName = "Hey Noah!";
				INFOPLIST_KEY_LSApplicationCategoryType = "public.app-category.lifestyle";
				INFOPLIST_KEY_LSBackgroundOnly = NO;
				INFOPLIST_KEY_NSBluetoothAlwaysUsageDescription = "We will use your bluetooth devices to make transcription as accurate as possible.";
				INFOPLIST_KEY_NSBluetoothPeripheralUsageDescription = "We will use your bluetooth devices to make transcription as accurate as possible.";
				INFOPLIST_KEY_NSBluetoothWhileInUseUsageDescription = "We will use your bluetooth devices to make transcription as accurate as possible.";
				INFOPLIST_KEY_NSMicrophoneUsageDescription = "The microphone is necessary for transcription services.";
				INFOPLIST_KEY_NSSpeechRecognitionUsageDescription = "Speech Recognition will be used for the transcription.";
				INFOPLIST_KEY_UIApplicationSceneManifest_Generation = YES;
				INFOPLIST_KEY_UIApplicationSupportsIndirectInputEvents = YES;
				INFOPLIST_KEY_UISupportedInterfaceOrientations_iPad = "UIInterfaceOrientationPortrait UIInterfaceOrientationPortraitUpsideDown UIInterfaceOrientationLandscapeLeft UIInterfaceOrientationLandscapeRight";
				INFOPLIST_KEY_UISupportedInterfaceOrientations_iPhone = "UIInterfaceOrientationPortraitUpsideDown UIInterfaceOrientationPortrait UIInterfaceOrientationLandscapeLeft UIInterfaceOrientationLandscapeRight";
				LD_RUNPATH_SEARCH_PATHS = (
					"$(inherited)",
					"@executable_path/Frameworks",
				);
				MARKETING_VERSION = 1.0;
				PRODUCT_BUNDLE_IDENTIFIER = org.heynoah.app;
				PRODUCT_NAME = "$(TARGET_NAME)";
				SUPPORTED_PLATFORMS = "appletvos appletvsimulator iphoneos iphonesimulator";
				SUPPORTS_MACCATALYST = NO;
				SWIFT_EMIT_LOC_STRINGS = YES;
				SWIFT_VERSION = 5.0;
				TARGETED_DEVICE_FAMILY = "1,2,3";
			};
			name = Release;
		};
		0F8674C62CBC26F200BAC0BF /* Debug */ = {
			isa = XCBuildConfiguration;
			buildSettings = {
				BUNDLE_LOADER = "$(TEST_HOST)";
				CODE_SIGN_STYLE = Automatic;
				CURRENT_PROJECT_VERSION = 1;
				DEVELOPMENT_TEAM = 3B9PG6VC7Z;
				GENERATE_INFOPLIST_FILE = YES;
				IPHONEOS_DEPLOYMENT_TARGET = 18.0;
				MARKETING_VERSION = 1.0;
				PRODUCT_BUNDLE_IDENTIFIER = com.silverspringrecords.heynoahTests;
				PRODUCT_NAME = "$(TARGET_NAME)";
				SWIFT_EMIT_LOC_STRINGS = NO;
				SWIFT_VERSION = 5.0;
				TARGETED_DEVICE_FAMILY = "1,2";
				TEST_HOST = "$(BUILT_PRODUCTS_DIR)/heynoah.app/$(BUNDLE_EXECUTABLE_FOLDER_PATH)/heynoah";
			};
			name = Debug;
		};
		0F8674C72CBC26F200BAC0BF /* Release */ = {
			isa = XCBuildConfiguration;
			buildSettings = {
				BUNDLE_LOADER = "$(TEST_HOST)";
				CODE_SIGN_STYLE = Automatic;
				CURRENT_PROJECT_VERSION = 1;
				DEVELOPMENT_TEAM = 3B9PG6VC7Z;
				GENERATE_INFOPLIST_FILE = YES;
				IPHONEOS_DEPLOYMENT_TARGET = 18.0;
				MARKETING_VERSION = 1.0;
				PRODUCT_BUNDLE_IDENTIFIER = com.silverspringrecords.heynoahTests;
				PRODUCT_NAME = "$(TARGET_NAME)";
				SWIFT_EMIT_LOC_STRINGS = NO;
				SWIFT_VERSION = 5.0;
				TARGETED_DEVICE_FAMILY = "1,2";
				TEST_HOST = "$(BUILT_PRODUCTS_DIR)/heynoah.app/$(BUNDLE_EXECUTABLE_FOLDER_PATH)/heynoah";
			};
			name = Release;
		};
		0F8674C92CBC26F200BAC0BF /* Debug */ = {
			isa = XCBuildConfiguration;
			buildSettings = {
				CODE_SIGN_STYLE = Automatic;
				CURRENT_PROJECT_VERSION = 1;
				DEVELOPMENT_TEAM = 3B9PG6VC7Z;
				GENERATE_INFOPLIST_FILE = YES;
				MARKETING_VERSION = 1.0;
				PRODUCT_BUNDLE_IDENTIFIER = com.silverspringrecords.heynoahUITests;
				PRODUCT_NAME = "$(TARGET_NAME)";
				SWIFT_EMIT_LOC_STRINGS = NO;
				SWIFT_VERSION = 5.0;
				TARGETED_DEVICE_FAMILY = "1,2";
				TEST_TARGET_NAME = heynoah;
			};
			name = Debug;
		};
		0F8674CA2CBC26F200BAC0BF /* Release */ = {
			isa = XCBuildConfiguration;
			buildSettings = {
				CODE_SIGN_STYLE = Automatic;
				CURRENT_PROJECT_VERSION = 1;
				DEVELOPMENT_TEAM = 3B9PG6VC7Z;
				GENERATE_INFOPLIST_FILE = YES;
				MARKETING_VERSION = 1.0;
				PRODUCT_BUNDLE_IDENTIFIER = com.silverspringrecords.heynoahUITests;
				PRODUCT_NAME = "$(TARGET_NAME)";
				SWIFT_EMIT_LOC_STRINGS = NO;
				SWIFT_VERSION = 5.0;
				TARGETED_DEVICE_FAMILY = "1,2";
				TEST_TARGET_NAME = heynoah;
			};
			name = Release;
		};
/* End XCBuildConfiguration section */

/* Begin XCConfigurationList section */
		0F8674992CBC26F100BAC0BF /* Build configuration list for PBXProject "heynoah" */ = {
			isa = XCConfigurationList;
			buildConfigurations = (
				0F8674C02CBC26F200BAC0BF /* Debug */,
				0F8674C12CBC26F200BAC0BF /* Release */,
			);
			defaultConfigurationIsVisible = 0;
			defaultConfigurationName = Release;
		};
		0F8674C22CBC26F200BAC0BF /* Build configuration list for PBXNativeTarget "heynoah" */ = {
			isa = XCConfigurationList;
			buildConfigurations = (
				0F8674C32CBC26F200BAC0BF /* Debug */,
				0F8674C42CBC26F200BAC0BF /* Release */,
			);
			defaultConfigurationIsVisible = 0;
			defaultConfigurationName = Release;
		};
		0F8674C52CBC26F200BAC0BF /* Build configuration list for PBXNativeTarget "heynoahTests" */ = {
			isa = XCConfigurationList;
			buildConfigurations = (
				0F8674C62CBC26F200BAC0BF /* Debug */,
				0F8674C72CBC26F200BAC0BF /* Release */,
			);
			defaultConfigurationIsVisible = 0;
			defaultConfigurationName = Release;
		};
		0F8674C82CBC26F200BAC0BF /* Build configuration list for PBXNativeTarget "heynoahUITests" */ = {
			isa = XCConfigurationList;
			buildConfigurations = (
				0F8674C92CBC26F200BAC0BF /* Debug */,
				0F8674CA2CBC26F200BAC0BF /* Release */,
			);
			defaultConfigurationIsVisible = 0;
			defaultConfigurationName = Release;
		};
/* End XCConfigurationList section */
	};
	rootObject = 0F8674962CBC26F100BAC0BF /* Project object */;
}
